// !$*UTF8*$!
{
	archiveVersion = 1;
	classes = {
	};
	objectVersion = 48;
	objects = {

/* Begin PBXBuildFile section */
		842BE53F1F8D2B5800B4BF5A /* main.cpp in Sources */ = {isa = PBXBuildFile; fileRef = 842BE53E1F8D2B5800B4BF5A /* main.cpp */; };
		847285271F8E34520047C299 /* main.cpp in Sources */ = {isa = PBXBuildFile; fileRef = 847285261F8E34520047C299 /* main.cpp */; };
		847285321F8E48920047C299 /* main.cpp in Sources */ = {isa = PBXBuildFile; fileRef = 847285311F8E48920047C299 /* main.cpp */; };
/* End PBXBuildFile section */

/* Begin PBXCopyFilesBuildPhase section */
		842BE5391F8D2B5800B4BF5A /* CopyFiles */ = {
			isa = PBXCopyFilesBuildPhase;
			buildActionMask = 2147483647;
			dstPath = /usr/share/man/man1/;
			dstSubfolderSpec = 0;
			files = (
			);
			runOnlyForDeploymentPostprocessing = 1;
		};
		847285221F8E34520047C299 /* CopyFiles */ = {
			isa = PBXCopyFilesBuildPhase;
			buildActionMask = 2147483647;
			dstPath = /usr/share/man/man1/;
			dstSubfolderSpec = 0;
			files = (
			);
			runOnlyForDeploymentPostprocessing = 1;
		};
		8472852D1F8E48920047C299 /* CopyFiles */ = {
			isa = PBXCopyFilesBuildPhase;
			buildActionMask = 2147483647;
			dstPath = /usr/share/man/man1/;
			dstSubfolderSpec = 0;
			files = (
			);
			runOnlyForDeploymentPostprocessing = 1;
		};
/* End PBXCopyFilesBuildPhase section */

/* Begin PBXFileReference section */
		842BE53B1F8D2B5800B4BF5A /* OpenMP */ = {isa = PBXFileReference; explicitFileType = "compiled.mach-o.executable"; includeInIndex = 0; path = OpenMP; sourceTree = BUILT_PRODUCTS_DIR; };
		842BE53E1F8D2B5800B4BF5A /* main.cpp */ = {isa = PBXFileReference; lastKnownFileType = sourcecode.cpp.cpp; path = main.cpp; sourceTree = "<group>"; };
		847285241F8E34520047C299 /* Wok-sharing */ = {isa = PBXFileReference; explicitFileType = "compiled.mach-o.executable"; includeInIndex = 0; path = "Wok-sharing"; sourceTree = BUILT_PRODUCTS_DIR; };
		847285261F8E34520047C299 /* main.cpp */ = {isa = PBXFileReference; lastKnownFileType = sourcecode.cpp.cpp; path = main.cpp; sourceTree = "<group>"; };
		8472852F1F8E48920047C299 /* Sychronizing */ = {isa = PBXFileReference; explicitFileType = "compiled.mach-o.executable"; includeInIndex = 0; path = Sychronizing; sourceTree = BUILT_PRODUCTS_DIR; };
		847285311F8E48920047C299 /* main.cpp */ = {isa = PBXFileReference; lastKnownFileType = sourcecode.cpp.cpp; path = main.cpp; sourceTree = "<group>"; };
/* End PBXFileReference section */

/* Begin PBXFrameworksBuildPhase section */
		842BE5381F8D2B5800B4BF5A /* Frameworks */ = {
			isa = PBXFrameworksBuildPhase;
			buildActionMask = 2147483647;
			files = (
			);
			runOnlyForDeploymentPostprocessing = 0;
		};
		847285211F8E34520047C299 /* Frameworks */ = {
			isa = PBXFrameworksBuildPhase;
			buildActionMask = 2147483647;
			files = (
			);
			runOnlyForDeploymentPostprocessing = 0;
		};
		8472852C1F8E48920047C299 /* Frameworks */ = {
			isa = PBXFrameworksBuildPhase;
			buildActionMask = 2147483647;
			files = (
			);
			runOnlyForDeploymentPostprocessing = 0;
		};
/* End PBXFrameworksBuildPhase section */

/* Begin PBXGroup section */
		842BE5321F8D2B5800B4BF5A = {
			isa = PBXGroup;
			children = (
				842BE53D1F8D2B5800B4BF5A /* OpenMP */,
				847285251F8E34520047C299 /* Wok-sharing */,
				847285301F8E48920047C299 /* Sychronizing */,
				842BE53C1F8D2B5800B4BF5A /* Products */,
			);
			sourceTree = "<group>";
		};
		842BE53C1F8D2B5800B4BF5A /* Products */ = {
			isa = PBXGroup;
			children = (
				842BE53B1F8D2B5800B4BF5A /* OpenMP */,
				847285241F8E34520047C299 /* Wok-sharing */,
				8472852F1F8E48920047C299 /* Sychronizing */,
			);
			name = Products;
			sourceTree = "<group>";
		};
		842BE53D1F8D2B5800B4BF5A /* OpenMP */ = {
			isa = PBXGroup;
			children = (
				842BE53E1F8D2B5800B4BF5A /* main.cpp */,
			);
			path = OpenMP;
			sourceTree = "<group>";
		};
		847285251F8E34520047C299 /* Wok-sharing */ = {
			isa = PBXGroup;
			children = (
				847285261F8E34520047C299 /* main.cpp */,
			);
			path = "Wok-sharing";
			sourceTree = "<group>";
		};
		847285301F8E48920047C299 /* Sychronizing */ = {
			isa = PBXGroup;
			children = (
				847285311F8E48920047C299 /* main.cpp */,
			);
			path = Sychronizing;
			sourceTree = "<group>";
		};
/* End PBXGroup section */

/* Begin PBXNativeTarget section */
		842BE53A1F8D2B5800B4BF5A /* OpenMP */ = {
			isa = PBXNativeTarget;
			buildConfigurationList = 842BE5421F8D2B5800B4BF5A /* Build configuration list for PBXNativeTarget "OpenMP" */;
			buildPhases = (
				842BE5371F8D2B5800B4BF5A /* Sources */,
				842BE5381F8D2B5800B4BF5A /* Frameworks */,
				842BE5391F8D2B5800B4BF5A /* CopyFiles */,
			);
			buildRules = (
			);
			dependencies = (
			);
			name = OpenMP;
			productName = OpenMP;
			productReference = 842BE53B1F8D2B5800B4BF5A /* OpenMP */;
			productType = "com.apple.product-type.tool";
		};
		847285231F8E34520047C299 /* Wok-sharing */ = {
			isa = PBXNativeTarget;
			buildConfigurationList = 8472852A1F8E34520047C299 /* Build configuration list for PBXNativeTarget "Wok-sharing" */;
			buildPhases = (
				847285201F8E34520047C299 /* Sources */,
				847285211F8E34520047C299 /* Frameworks */,
				847285221F8E34520047C299 /* CopyFiles */,
			);
			buildRules = (
			);
			dependencies = (
			);
			name = "Wok-sharing";
			productName = "Wok-sharing";
			productReference = 847285241F8E34520047C299 /* Wok-sharing */;
			productType = "com.apple.product-type.tool";
		};
		8472852E1F8E48920047C299 /* Sychronizing */ = {
			isa = PBXNativeTarget;
			buildConfigurationList = 847285331F8E48920047C299 /* Build configuration list for PBXNativeTarget "Sychronizing" */;
			buildPhases = (
				8472852B1F8E48920047C299 /* Sources */,
				8472852C1F8E48920047C299 /* Frameworks */,
				8472852D1F8E48920047C299 /* CopyFiles */,
			);
			buildRules = (
			);
			dependencies = (
			);
			name = Sychronizing;
			productName = Sychronizing;
			productReference = 8472852F1F8E48920047C299 /* Sychronizing */;
			productType = "com.apple.product-type.tool";
		};
/* End PBXNativeTarget section */

/* Begin PBXProject section */
		842BE5331F8D2B5800B4BF5A /* Project object */ = {
			isa = PBXProject;
			attributes = {
				LastUpgradeCheck = 0900;
				ORGANIZATIONNAME = "Imad Collin";
				TargetAttributes = {
					842BE53A1F8D2B5800B4BF5A = {
						CreatedOnToolsVersion = 9.0;
						ProvisioningStyle = Automatic;
					};
					847285231F8E34520047C299 = {
						CreatedOnToolsVersion = 9.0;
						ProvisioningStyle = Automatic;
					};
					8472852E1F8E48920047C299 = {
						CreatedOnToolsVersion = 9.0;
						ProvisioningStyle = Automatic;
					};
				};
			};
			buildConfigurationList = 842BE5361F8D2B5800B4BF5A /* Build configuration list for PBXProject "OpenMP" */;
			compatibilityVersion = "Xcode 8.0";
			developmentRegion = en;
			hasScannedForEncodings = 0;
			knownRegions = (
				en,
			);
			mainGroup = 842BE5321F8D2B5800B4BF5A;
			productRefGroup = 842BE53C1F8D2B5800B4BF5A /* Products */;
			projectDirPath = "";
			projectRoot = "";
			targets = (
				842BE53A1F8D2B5800B4BF5A /* OpenMP */,
				847285231F8E34520047C299 /* Wok-sharing */,
				8472852E1F8E48920047C299 /* Sychronizing */,
			);
		};
/* End PBXProject section */

/* Begin PBXSourcesBuildPhase section */
		842BE5371F8D2B5800B4BF5A /* Sources */ = {
			isa = PBXSourcesBuildPhase;
			buildActionMask = 2147483647;
			files = (
				842BE53F1F8D2B5800B4BF5A /* main.cpp in Sources */,
			);
			runOnlyForDeploymentPostprocessing = 0;
		};
		847285201F8E34520047C299 /* Sources */ = {
			isa = PBXSourcesBuildPhase;
			buildActionMask = 2147483647;
			files = (
				847285271F8E34520047C299 /* main.cpp in Sources */,
			);
			runOnlyForDeploymentPostprocessing = 0;
		};
		8472852B1F8E48920047C299 /* Sources */ = {
			isa = PBXSourcesBuildPhase;
			buildActionMask = 2147483647;
			files = (
				847285321F8E48920047C299 /* main.cpp in Sources */,
			);
			runOnlyForDeploymentPostprocessing = 0;
		};
/* End PBXSourcesBuildPhase section */

/* Begin XCBuildConfiguration section */
		842BE5401F8D2B5800B4BF5A /* Debug */ = {
			isa = XCBuildConfiguration;
			buildSettings = {
				ALWAYS_SEARCH_USER_PATHS = NO;
				CLANG_ANALYZER_NONNULL = YES;
				CLANG_ANALYZER_NUMBER_OBJECT_CONVERSION = YES_AGGRESSIVE;
				CLANG_CXX_LANGUAGE_STANDARD = "gnu++14";
				CLANG_CXX_LIBRARY = "libc++";
				CLANG_ENABLE_MODULES = YES;
				CLANG_ENABLE_OBJC_ARC = YES;
				CLANG_WARN_BLOCK_CAPTURE_AUTORELEASING = YES;
				CLANG_WARN_BOOL_CONVERSION = YES;
				CLANG_WARN_COMMA = YES;
				CLANG_WARN_CONSTANT_CONVERSION = YES;
				CLANG_WARN_DIRECT_OBJC_ISA_USAGE = YES_ERROR;
				CLANG_WARN_DOCUMENTATION_COMMENTS = YES;
				CLANG_WARN_EMPTY_BODY = YES;
				CLANG_WARN_ENUM_CONVERSION = YES;
				CLANG_WARN_INFINITE_RECURSION = YES;
				CLANG_WARN_INT_CONVERSION = YES;
				CLANG_WARN_NON_LITERAL_NULL_CONVERSION = YES;
				CLANG_WARN_OBJC_LITERAL_CONVERSION = YES;
				CLANG_WARN_OBJC_ROOT_CLASS = YES_ERROR;
				CLANG_WARN_RANGE_LOOP_ANALYSIS = YES;
				CLANG_WARN_STRICT_PROTOTYPES = YES;
				CLANG_WARN_SUSPICIOUS_MOVE = YES;
				CLANG_WARN_UNGUARDED_AVAILABILITY = YES_AGGRESSIVE;
				CLANG_WARN_UNREACHABLE_CODE = YES;
				CLANG_WARN__DUPLICATE_METHOD_MATCH = YES;
				CODE_SIGN_IDENTITY = "-";
				COPY_PHASE_STRIP = NO;
				DEBUG_INFORMATION_FORMAT = dwarf;
				ENABLE_STRICT_OBJC_MSGSEND = YES;
				ENABLE_TESTABILITY = YES;
				GCC_C_LANGUAGE_STANDARD = gnu11;
				GCC_DYNAMIC_NO_PIC = NO;
				GCC_NO_COMMON_BLOCKS = YES;
				GCC_OPTIMIZATION_LEVEL = 0;
				GCC_PREPROCESSOR_DEFINITIONS = (
					"DEBUG=1",
					"$(inherited)",
				);
				GCC_WARN_64_TO_32_BIT_CONVERSION = YES;
				GCC_WARN_ABOUT_RETURN_TYPE = YES_ERROR;
				GCC_WARN_UNDECLARED_SELECTOR = YES;
				GCC_WARN_UNINITIALIZED_AUTOS = YES_AGGRESSIVE;
				GCC_WARN_UNUSED_FUNCTION = YES;
				GCC_WARN_UNUSED_VARIABLE = YES;
				MACOSX_DEPLOYMENT_TARGET = 10.12;
				MTL_ENABLE_DEBUG_INFO = YES;
				ONLY_ACTIVE_ARCH = YES;
				SDKROOT = macosx;
			};
			name = Debug;
		};
		842BE5411F8D2B5800B4BF5A /* Release */ = {
			isa = XCBuildConfiguration;
			buildSettings = {
				ALWAYS_SEARCH_USER_PATHS = NO;
				CLANG_ANALYZER_NONNULL = YES;
				CLANG_ANALYZER_NUMBER_OBJECT_CONVERSION = YES_AGGRESSIVE;
				CLANG_CXX_LANGUAGE_STANDARD = "gnu++14";
				CLANG_CXX_LIBRARY = "libc++";
				CLANG_ENABLE_MODULES = YES;
				CLANG_ENABLE_OBJC_ARC = YES;
				CLANG_WARN_BLOCK_CAPTURE_AUTORELEASING = YES;
				CLANG_WARN_BOOL_CONVERSION = YES;
				CLANG_WARN_COMMA = YES;
				CLANG_WARN_CONSTANT_CONVERSION = YES;
				CLANG_WARN_DIRECT_OBJC_ISA_USAGE = YES_ERROR;
				CLANG_WARN_DOCUMENTATION_COMMENTS = YES;
				CLANG_WARN_EMPTY_BODY = YES;
				CLANG_WARN_ENUM_CONVERSION = YES;
				CLANG_WARN_INFINITE_RECURSION = YES;
				CLANG_WARN_INT_CONVERSION = YES;
				CLANG_WARN_NON_LITERAL_NULL_CONVERSION = YES;
				CLANG_WARN_OBJC_LITERAL_CONVERSION = YES;
				CLANG_WARN_OBJC_ROOT_CLASS = YES_ERROR;
				CLANG_WARN_RANGE_LOOP_ANALYSIS = YES;
				CLANG_WARN_STRICT_PROTOTYPES = YES;
				CLANG_WARN_SUSPICIOUS_MOVE = YES;
				CLANG_WARN_UNGUARDED_AVAILABILITY = YES_AGGRESSIVE;
				CLANG_WARN_UNREACHABLE_CODE = YES;
				CLANG_WARN__DUPLICATE_METHOD_MATCH = YES;
				CODE_SIGN_IDENTITY = "-";
				COPY_PHASE_STRIP = NO;
				DEBUG_INFORMATION_FORMAT = "dwarf-with-dsym";
				ENABLE_NS_ASSERTIONS = NO;
				ENABLE_STRICT_OBJC_MSGSEND = YES;
				GCC_C_LANGUAGE_STANDARD = gnu11;
				GCC_NO_COMMON_BLOCKS = YES;
				GCC_WARN_64_TO_32_BIT_CONVERSION = YES;
				GCC_WARN_ABOUT_RETURN_TYPE = YES_ERROR;
				GCC_WARN_UNDECLARED_SELECTOR = YES;
				GCC_WARN_UNINITIALIZED_AUTOS = YES_AGGRESSIVE;
				GCC_WARN_UNUSED_FUNCTION = YES;
				GCC_WARN_UNUSED_VARIABLE = YES;
				MACOSX_DEPLOYMENT_TARGET = 10.12;
				MTL_ENABLE_DEBUG_INFO = NO;
				SDKROOT = macosx;
			};
			name = Release;
		};
		842BE5431F8D2B5800B4BF5A /* Debug */ = {
			isa = XCBuildConfiguration;
			buildSettings = {
				CODE_SIGN_STYLE = Automatic;
				PRODUCT_NAME = "$(TARGET_NAME)";
			};
			name = Debug;
		};
		842BE5441F8D2B5800B4BF5A /* Release */ = {
			isa = XCBuildConfiguration;
			buildSettings = {
				CODE_SIGN_STYLE = Automatic;
				PRODUCT_NAME = "$(TARGET_NAME)";
			};
			name = Release;
		};
		847285281F8E34520047C299 /* Debug */ = {
			isa = XCBuildConfiguration;
			buildSettings = {
				CODE_SIGN_STYLE = Automatic;
				PRODUCT_NAME = "$(TARGET_NAME)";
			};
			name = Debug;
		};
		847285291F8E34520047C299 /* Release */ = {
			isa = XCBuildConfiguration;
			buildSettings = {
				CODE_SIGN_STYLE = Automatic;
				PRODUCT_NAME = "$(TARGET_NAME)";
			};
			name = Release;
		};
		847285341F8E48920047C299 /* Debug */ = {
			isa = XCBuildConfiguration;
			buildSettings = {
				CODE_SIGN_STYLE = Automatic;
				PRODUCT_NAME = "$(TARGET_NAME)";
			};
			name = Debug;
		};
		847285351F8E48920047C299 /* Release */ = {
			isa = XCBuildConfiguration;
			buildSettings = {
				CODE_SIGN_STYLE = Automatic;
				PRODUCT_NAME = "$(TARGET_NAME)";
			};
			name = Release;
		};
/* End XCBuildConfiguration section */

/* Begin XCConfigurationList section */
		842BE5361F8D2B5800B4BF5A /* Build configuration list for PBXProject "OpenMP" */ = {
			isa = XCConfigurationList;
			buildConfigurations = (
				842BE5401F8D2B5800B4BF5A /* Debug */,
				842BE5411F8D2B5800B4BF5A /* Release */,
			);
			defaultConfigurationIsVisible = 0;
			defaultConfigurationName = Release;
		};
		842BE5421F8D2B5800B4BF5A /* Build configuration list for PBXNativeTarget "OpenMP" */ = {
			isa = XCConfigurationList;
			buildConfigurations = (
				842BE5431F8D2B5800B4BF5A /* Debug */,
				842BE5441F8D2B5800B4BF5A /* Release */,
			);
			defaultConfigurationIsVisible = 0;
			defaultConfigurationName = Release;
		};
		8472852A1F8E34520047C299 /* Build configuration list for PBXNativeTarget "Wok-sharing" */ = {
			isa = XCConfigurationList;
			buildConfigurations = (
				847285281F8E34520047C299 /* Debug */,
				847285291F8E34520047C299 /* Release */,
			);
			defaultConfigurationIsVisible = 0;
			defaultConfigurationName = Release;
		};
		847285331F8E48920047C299 /* Build configuration list for PBXNativeTarget "Sychronizing" */ = {
			isa = XCConfigurationList;
			buildConfigurations = (
				847285341F8E48920047C299 /* Debug */,
				847285351F8E48920047C299 /* Release */,
			);
			defaultConfigurationIsVisible = 0;
			defaultConfigurationName = Release;
		};
/* End XCConfigurationList section */
	};
	rootObject = 842BE5331F8D2B5800B4BF5A /* Project object */;
}
